
Microsoft Visual Studio Solution File, Format Version 12.00
# Visual Studio Version 17
VisualStudioVersion = 17.9.34622.214
MinimumVisualStudioVersion = 10.0.40219.1
Project("{FAE04EC0-301F-11D3-BF4B-00C04F79EFBC}") = "school-management-api", "school-management-api.csproj", "{6AEE0EEA-2D2C-4A1B-9798-E09F89C3DCED}"
EndProject
Global
	GlobalSection(SolutionConfigurationPlatforms) = preSolution
		Debug|Any CPU = Debug|Any CPU
		Release|Any CPU = Release|Any CPU
	EndGlobalSection
	GlobalSection(ProjectConfigurationPlatforms) = postSolution
		{6AEE0EEA-2D2C-4A1B-9798-E09F89C3DCED}.Debug|Any CPU.ActiveCfg = Debug|Any CPU
		{6AEE0EEA-2D2C-4A1B-9798-E09F89C3DCED}.Debug|Any CPU.Build.0 = Debug|Any CPU
		{6AEE0EEA-2D2C-4A1B-9798-E09F89C3DCED}.Release|Any CPU.ActiveCfg = Release|Any CPU
		{6AEE0EEA-2D2C-4A1B-9798-E09F89C3DCED}.Release|Any CPU.Build.0 = Release|Any CPU
	EndGlobalSection
	GlobalSection(SolutionProperties) = preSolution
		HideSolutionNode = FALSE
	EndGlobalSection
	GlobalSection(ExtensibilityGlobals) = postSolution
		SolutionGuid = {92EADC50-EA58-426A-910B-7DD411EB0537}
	EndGlobalSection
EndGlobal
